// !$*UTF8*$!
{
	archiveVersion = 1;
	classes = {
	};
	objectVersion = 77;
	objects = {

/* Begin PBXBuildFile section */
		401C1A6D2FD356DB00103CD6 /* GameViewController.swift in Sources */ = {isa = PBXBuildFile; fileRef = 401C1A672FD356DB00103CD6 /* GameViewController.swift */; };
		401C1A6E2FD356DB00103CD6 /* AppDelegate.swift in Sources */ = {isa = PBXBuildFile; fileRef = 401C1A642FD356DB00103CD6 /* AppDelegate.swift */; };
		401C1A6F2FD356DB00103CD6 /* GameScene.swift in Sources */ = {isa = PBXBuildFile; fileRef = 401C1A662FD356DB00103CD6 /* GameScene.swift */; };
		401C1A702FD356DB00103CD6 /* Assets.xcassets in Resources */ = {isa = PBXBuildFile; fileRef = 401C1A652FD356DB00103CD6 /* Assets.xcassets */; };
		401C1A712FD356DB00103CD6 /* Main.storyboard in Resources */ = {isa = PBXBuildFile; fileRef = 401C1A6B2FD356DB00103CD6 /* Main.storyboard */; };
		401C1A722FD356DB00103CD6 /* LaunchScreen.storyboard in Resources */ = {isa = PBXBuildFile; fileRef = 401C1A692FD356DB00103CD6 /* LaunchScreen.storyboard */; };
		401C1A772FD3571E00103CD6 /* BeachScene.swift in Sources */ = {isa = PBXBuildFile; fileRef = 401C1A762FD3571800103CD6 /* BeachScene.swift */; };
		401C1A792FD3572900103CD6 /* OceanScene.swift in Sources */ = {isa = PBXBuildFile; fileRef = 401C1A782FD3572500103CD6 /* OceanScene.swift */; };
		401C1A7B2FD3573200103CD6 /* LakeScene.swift in Sources */ = {isa = PBXBuildFile; fileRef = 401C1A7A2FD3572E00103CD6 /* LakeScene.swift */; };
		401C1A7D2FD3573D00103CD6 /* Fish.swift in Sources */ = {isa = PBXBuildFile; fileRef = 401C1A7C2FD3573B00103CD6 /* Fish.swift */; };
		401C1A7F2FD3574200103CD6 /* Lure.swift in Sources */ = {isa = PBXBuildFile; fileRef = 401C1A7E2FD3574100103CD6 /* Lure.swift */; };
		401C1A812FD3574C00103CD6 /* Player.swift in Sources */ = {isa = PBXBuildFile; fileRef = 401C1A802FD3574900103CD6 /* Player.swift */; };
		401C1A832FD3575600103CD6 /* FishAI.swift in Sources */ = {isa = PBXBuildFile; fileRef = 401C1A822FD3575300103CD6 /* FishAI.swift */; };
		401C1A852FD3575F00103CD6 /* CastSystem.swift in Sources */ = {isa = PBXBuildFile; fileRef = 401C1A842FD3575C00103CD6 /* CastSystem.swift */; };
		401C1A862FD35EAD00103CD6 /* GameScene.swift in Sources */ = {isa = PBXBuildFile; fileRef = 401C1A662FD356DB00103CD6 /* GameScene.swift */; };
		401C1A872FD35EAD00103CD6 /* GameScene.swift in Sources */ = {isa = PBXBuildFile; fileRef = 401C1A662FD356DB00103CD6 /* GameScene.swift */; };
		401C1A882FD35F5A00103CD6 /* GameViewController.swift in Sources */ = {isa = PBXBuildFile; fileRef = 401C1A672FD356DB00103CD6 /* GameViewController.swift */; };
		401C1A892FD35F5A00103CD6 /* GameViewController.swift in Sources */ = {isa = PBXBuildFile; fileRef = 401C1A672FD356DB00103CD6 /* GameViewController.swift */; };
		401C1A8A2FD35F6000103CD6 /* AppDelegate.swift in Sources */ = {isa = PBXBuildFile; fileRef = 401C1A642FD356DB00103CD6 /* AppDelegate.swift */; };
		401C1A8B2FD35F6000103CD6 /* AppDelegate.swift in Sources */ = {isa = PBXBuildFile; fileRef = 401C1A642FD356DB00103CD6 /* AppDelegate.swift */; };
		401C1A8C2FD35F6700103CD6 /* BeachScene.swift in Sources */ = {isa = PBXBuildFile; fileRef = 401C1A762FD3571800103CD6 /* BeachScene.swift */; };
		401C1A8D2FD35F6700103CD6 /* BeachScene.swift in Sources */ = {isa = PBXBuildFile; fileRef = 401C1A762FD3571800103CD6 /* BeachScene.swift */; };
		401C1A8E2FD35F6B00103CD6 /* Player.swift in Sources */ = {isa = PBXBuildFile; fileRef = 401C1A802FD3574900103CD6 /* Player.swift */; };
		401C1A8F2FD35F6B00103CD6 /* Player.swift in Sources */ = {isa = PBXBuildFile; fileRef = 401C1A802FD3574900103CD6 /* Player.swift */; };
		401C1A902FD35F7000103CD6 /* Lure.swift in Sources */ = {isa = PBXBuildFile; fileRef = 401C1A7E2FD3574100103CD6 /* Lure.swift */; };
		401C1A912FD35F7000103CD6 /* Lure.swift in Sources */ = {isa = PBXBuildFile; fileRef = 401C1A7E2FD3574100103CD6 /* Lure.swift */; };
		401C1A922FD35F7500103CD6 /* Fish.swift in Sources */ = {isa = PBXBuildFile; fileRef = 401C1A7C2FD3573B00103CD6 /* Fish.swift */; };
		401C1A932FD35F7500103CD6 /* Fish.swift in Sources */ = {isa = PBXBuildFile; fileRef = 401C1A7C2FD3573B00103CD6 /* Fish.swift */; };
		401C1A942FD35F7A00103CD6 /* LakeScene.swift in Sources */ = {isa = PBXBuildFile; fileRef = 401C1A7A2FD3572E00103CD6 /* LakeScene.swift */; };
		401C1A952FD35F7A00103CD6 /* LakeScene.swift in Sources */ = {isa = PBXBuildFile; fileRef = 401C1A7A2FD3572E00103CD6 /* LakeScene.swift */; };
		401C1A962FD35F8200103CD6 /* OceanScene.swift in Sources */ = {isa = PBXBuildFile; fileRef = 401C1A782FD3572500103CD6 /* OceanScene.swift */; };
		401C1A972FD35F8200103CD6 /* OceanScene.swift in Sources */ = {isa = PBXBuildFile; fileRef = 401C1A782FD3572500103CD6 /* OceanScene.swift */; };
		401C1A982FD35F8C00103CD6 /* LaunchScreen.storyboard in Resources */ = {isa = PBXBuildFile; fileRef = 401C1A692FD356DB00103CD6 /* LaunchScreen.storyboard */; };
		401C1A992FD35F8C00103CD6 /* LaunchScreen.storyboard in Resources */ = {isa = PBXBuildFile; fileRef = 401C1A692FD356DB00103CD6 /* LaunchScreen.storyboard */; };
		401C1A9A2FD35F9200103CD6 /* Main.storyboard in Resources */ = {isa = PBXBuildFile; fileRef = 401C1A6B2FD356DB00103CD6 /* Main.storyboard */; };
		401C1A9B2FD35F9200103CD6 /* Main.storyboard in Resources */ = {isa = PBXBuildFile; fileRef = 401C1A6B2FD356DB00103CD6 /* Main.storyboard */; };
		401C1A9C2FD35F9D00103CD6 /* Assets.xcassets in Resources */ = {isa = PBXBuildFile; fileRef = 401C1A652FD356DB00103CD6 /* Assets.xcassets */; };
		401C1A9D2FD35F9D00103CD6 /* Assets.xcassets in Resources */ = {isa = PBXBuildFile; fileRef = 401C1A652FD356DB00103CD6 /* Assets.xcassets */; };
		401C1A9E2FD35FCA00103CD6 /* FishAI.swift in Sources */ = {isa = PBXBuildFile; fileRef = 401C1A822FD3575300103CD6 /* FishAI.swift */; };
		401C1A9F2FD35FCA00103CD6 /* FishAI.swift in Sources */ = {isa = PBXBuildFile; fileRef = 401C1A822FD3575300103CD6 /* FishAI.swift */; };
		401C1AA02FD35FCF00103CD6 /* CastSystem.swift in Sources */ = {isa = PBXBuildFile; fileRef = 401C1A842FD3575C00103CD6 /* CastSystem.swift */; };
		401C1AA12FD35FCF00103CD6 /* CastSystem.swift in Sources */ = {isa = PBXBuildFile; fileRef = 401C1A842FD3575C00103CD6 /* CastSystem.swift */; };
		401C1AB12FD3600000103CD6 /* MenuScene.swift in Sources */ = {isa = PBXBuildFile; fileRef = 401C1AB02FD3600000103CD6 /* MenuScene.swift */; };
		401C1AB22FD3600000103CD6 /* MenuScene.swift in Sources */ = {isa = PBXBuildFile; fileRef = 401C1AB02FD3600000103CD6 /* MenuScene.swift */; };
		401C1AB32FD3600000103CD6 /* MenuScene.swift in Sources */ = {isa = PBXBuildFile; fileRef = 401C1AB02FD3600000103CD6 /* MenuScene.swift */; };
		401C1AC12FD3600100103CD6 /* Equipment.swift in Sources */ = {isa = PBXBuildFile; fileRef = 401C1AC02FD3600100103CD6 /* Equipment.swift */; };
		401C1AC22FD3600100103CD6 /* Equipment.swift in Sources */ = {isa = PBXBuildFile; fileRef = 401C1AC02FD3600100103CD6 /* Equipment.swift */; };
		401C1AC32FD3600100103CD6 /* Equipment.swift in Sources */ = {isa = PBXBuildFile; fileRef = 401C1AC02FD3600100103CD6 /* Equipment.swift */; };
		401C1AC52FD3600100103CD6 /* GameMenuOverlay.swift in Sources */ = {isa = PBXBuildFile; fileRef = 401C1AC42FD3600100103CD6 /* GameMenuOverlay.swift */; };
		401C1AC62FD3600100103CD6 /* GameMenuOverlay.swift in Sources */ = {isa = PBXBuildFile; fileRef = 401C1AC42FD3600100103CD6 /* GameMenuOverlay.swift */; };
		401C1AC72FD3600100103CD6 /* GameMenuOverlay.swift in Sources */ = {isa = PBXBuildFile; fileRef = 401C1AC42FD3600100103CD6 /* GameMenuOverlay.swift */; };
/* End PBXBuildFile section */

/* Begin PBXContainerItemProxy section */
		401C1A472FD353EA00103CD6 /* PBXContainerItemProxy */ = {
			isa = PBXContainerItemProxy;
			containerPortal = 401C1A252FD353E800103CD6 /* Project object */;
			proxyType = 1;
			remoteGlobalIDString = 401C1A2C2FD353E800103CD6;
			remoteInfo = ReelWorld;
		};
		401C1A512FD353EA00103CD6 /* PBXContainerItemProxy */ = {
			isa = PBXContainerItemProxy;
			containerPortal = 401C1A252FD353E800103CD6 /* Project object */;
			proxyType = 1;
			remoteGlobalIDString = 401C1A2C2FD353E800103CD6;
			remoteInfo = ReelWorld;
		};
/* End PBXContainerItemProxy section */

/* Begin PBXFileReference section */
		401C1A2D2FD353E800103CD6 /* ReelWorld.app */ = {isa = PBXFileReference; explicitFileType = wrapper.application; includeInIndex = 0; path = ReelWorld.app; sourceTree = BUILT_PRODUCTS_DIR; };
		401C1A462FD353EA00103CD6 /* ReelWorldTests.xctest */ = {isa = PBXFileReference; explicitFileType = wrapper.cfbundle; includeInIndex = 0; path = ReelWorldTests.xctest; sourceTree = BUILT_PRODUCTS_DIR; };
		401C1A502FD353EA00103CD6 /* ReelWorldUITests.xctest */ = {isa = PBXFileReference; explicitFileType = wrapper.cfbundle; includeInIndex = 0; path = ReelWorldUITests.xctest; sourceTree = BUILT_PRODUCTS_DIR; };
		401C1A642FD356DB00103CD6 /* AppDelegate.swift */ = {isa = PBXFileReference; lastKnownFileType = sourcecode.swift; path = AppDelegate.swift; sourceTree = "<group>"; };
		401C1A652FD356DB00103CD6 /* Assets.xcassets */ = {isa = PBXFileReference; lastKnownFileType = folder.assetcatalog; path = Assets.xcassets; sourceTree = "<group>"; };
		401C1A662FD356DB00103CD6 /* GameScene.swift */ = {isa = PBXFileReference; lastKnownFileType = sourcecode.swift; path = GameScene.swift; sourceTree = "<group>"; };
		401C1A672FD356DB00103CD6 /* GameViewController.swift */ = {isa = PBXFileReference; lastKnownFileType = sourcecode.swift; path = GameViewController.swift; sourceTree = "<group>"; };
		401C1A682FD356DB00103CD6 /* Base */ = {isa = PBXFileReference; lastKnownFileType = file.storyboard; name = Base; path = Base.lproj/LaunchScreen.storyboard; sourceTree = "<group>"; };
		401C1A6A2FD356DB00103CD6 /* Base */ = {isa = PBXFileReference; lastKnownFileType = file.storyboard; name = Base; path = Base.lproj/Main.storyboard; sourceTree = "<group>"; };
		401C1A762FD3571800103CD6 /* BeachScene.swift */ = {isa = PBXFileReference; lastKnownFileType = sourcecode.swift; path = BeachScene.swift; sourceTree = "<group>"; };
		401C1AB02FD3600000103CD6 /* MenuScene.swift */ = {isa = PBXFileReference; lastKnownFileType = sourcecode.swift; path = MenuScene.swift; sourceTree = "<group>"; };
		401C1A782FD3572500103CD6 /* OceanScene.swift */ = {isa = PBXFileReference; lastKnownFileType = sourcecode.swift; path = OceanScene.swift; sourceTree = "<group>"; };
		401C1A7A2FD3572E00103CD6 /* LakeScene.swift */ = {isa = PBXFileReference; lastKnownFileType = sourcecode.swift; path = LakeScene.swift; sourceTree = "<group>"; };
		401C1A7C2FD3573B00103CD6 /* Fish.swift */ = {isa = PBXFileReference; lastKnownFileType = sourcecode.swift; path = Fish.swift; sourceTree = "<group>"; };
		401C1A7E2FD3574100103CD6 /* Lure.swift */ = {isa = PBXFileReference; lastKnownFileType = sourcecode.swift; path = Lure.swift; sourceTree = "<group>"; };
		401C1A802FD3574900103CD6 /* Player.swift */ = {isa = PBXFileReference; lastKnownFileType = sourcecode.swift; path = Player.swift; sourceTree = "<group>"; };
		401C1A822FD3575300103CD6 /* FishAI.swift */ = {isa = PBXFileReference; lastKnownFileType = sourcecode.swift; path = FishAI.swift; sourceTree = "<group>"; };
		401C1A842FD3575C00103CD6 /* CastSystem.swift */ = {isa = PBXFileReference; lastKnownFileType = sourcecode.swift; path = CastSystem.swift; sourceTree = "<group>"; };
		401C1AC02FD3600100103CD6 /* Equipment.swift */ = {isa = PBXFileReference; lastKnownFileType = sourcecode.swift; path = Equipment.swift; sourceTree = "<group>"; };
		401C1AC42FD3600100103CD6 /* GameMenuOverlay.swift */ = {isa = PBXFileReference; lastKnownFileType = sourcecode.swift; path = GameMenuOverlay.swift; sourceTree = "<group>"; };
/* End PBXFileReference section */

/* Begin PBXFileSystemSynchronizedRootGroup section */
		401C1A492FD353EA00103CD6 /* ReelWorldTests */ = {
			isa = PBXFileSystemSynchronizedRootGroup;
			path = ReelWorldTests;
			sourceTree = "<group>";
		};
		401C1A532FD353EA00103CD6 /* ReelWorldUITests */ = {
			isa = PBXFileSystemSynchronizedRootGroup;
			path = ReelWorldUITests;
			sourceTree = "<group>";
		};
/* End PBXFileSystemSynchronizedRootGroup section */

/* Begin PBXFrameworksBuildPhase section */
		401C1A2A2FD353E800103CD6 /* Frameworks */ = {
			isa = PBXFrameworksBuildPhase;
			buildActionMask = 2147483647;
			files = (
			);
			runOnlyForDeploymentPostprocessing = 0;
		};
		401C1A432FD353EA00103CD6 /* Frameworks */ = {
			isa = PBXFrameworksBuildPhase;
			buildActionMask = 2147483647;
			files = (
			);
			runOnlyForDeploymentPostprocessing = 0;
		};
		401C1A4D2FD353EA00103CD6 /* Frameworks */ = {
			isa = PBXFrameworksBuildPhase;
			buildActionMask = 2147483647;
			files = (
			);
			runOnlyForDeploymentPostprocessing = 0;
		};
/* End PBXFrameworksBuildPhase section */

/* Begin PBXGroup section */
		401C1A242FD353E800103CD6 = {
			isa = PBXGroup;
			children = (
				401C1A6C2FD356DB00103CD6 /* ReelWorld */,
				401C1A492FD353EA00103CD6 /* ReelWorldTests */,
				401C1A532FD353EA00103CD6 /* ReelWorldUITests */,
				401C1A2E2FD353E800103CD6 /* Products */,
			);
			sourceTree = "<group>";
		};
		401C1A2E2FD353E800103CD6 /* Products */ = {
			isa = PBXGroup;
			children = (
				401C1A2D2FD353E800103CD6 /* ReelWorld.app */,
				401C1A462FD353EA00103CD6 /* ReelWorldTests.xctest */,
				401C1A502FD353EA00103CD6 /* ReelWorldUITests.xctest */,
			);
			name = Products;
			sourceTree = "<group>";
		};
		401C1A6C2FD356DB00103CD6 /* ReelWorld */ = {
			isa = PBXGroup;
			children = (
				401C1A742FD356F400103CD6 /* Models */,
				401C1A732FD356E300103CD6 /* Scenes */,
				401C1A642FD356DB00103CD6 /* AppDelegate.swift */,
				401C1A652FD356DB00103CD6 /* Assets.xcassets */,
				401C1A662FD356DB00103CD6 /* GameScene.swift */,
				401C1A672FD356DB00103CD6 /* GameViewController.swift */,
				401C1A692FD356DB00103CD6 /* LaunchScreen.storyboard */,
				401C1A6B2FD356DB00103CD6 /* Main.storyboard */,
				401C1A752FD356FD00103CD6 /* Systems */,
			);
			path = ReelWorld;
			sourceTree = "<group>";
		};
		401C1A732FD356E300103CD6 /* Scenes */ = {
			isa = PBXGroup;
			children = (
				401C1AB02FD3600000103CD6 /* MenuScene.swift */,
				401C1AC42FD3600100103CD6 /* GameMenuOverlay.swift */,
				401C1A7A2FD3572E00103CD6 /* LakeScene.swift */,
				401C1A782FD3572500103CD6 /* OceanScene.swift */,
				401C1A762FD3571800103CD6 /* BeachScene.swift */,
			);
			path = Scenes;
			sourceTree = "<group>";
		};
		401C1A742FD356F400103CD6 /* Models */ = {
			isa = PBXGroup;
			children = (
				401C1A802FD3574900103CD6 /* Player.swift */,
				401C1A7E2FD3574100103CD6 /* Lure.swift */,
				401C1A7C2FD3573B00103CD6 /* Fish.swift */,
				401C1AC02FD3600100103CD6 /* Equipment.swift */,
			);
			path = Models;
			sourceTree = "<group>";
		};
		401C1A752FD356FD00103CD6 /* Systems */ = {
			isa = PBXGroup;
			children = (
				401C1A842FD3575C00103CD6 /* CastSystem.swift */,
				401C1A822FD3575300103CD6 /* FishAI.swift */,
			);
			path = Systems;
			sourceTree = "<group>";
		};
/* End PBXGroup section */

/* Begin PBXNativeTarget section */
		401C1A2C2FD353E800103CD6 /* ReelWorld */ = {
			isa = PBXNativeTarget;
			buildConfigurationList = 401C1A5A2FD353EA00103CD6 /* Build configuration list for PBXNativeTarget "ReelWorld" */;
			buildPhases = (
				401C1A292FD353E800103CD6 /* Sources */,
				401C1A2A2FD353E800103CD6 /* Frameworks */,
				401C1A2B2FD353E800103CD6 /* Resources */,
			);
			buildRules = (
			);
			dependencies = (
			);
			name = ReelWorld;
			packageProductDependencies = (
			);
			productName = ReelWorld;
			productReference = 401C1A2D2FD353E800103CD6 /* ReelWorld.app */;
			productType = "com.apple.product-type.application";
		};
		401C1A452FD353EA00103CD6 /* ReelWorldTests */ = {
			isa = PBXNativeTarget;
			buildConfigurationList = 401C1A5D2FD353EA00103CD6 /* Build configuration list for PBXNativeTarget "ReelWorldTests" */;
			buildPhases = (
				401C1A422FD353EA00103CD6 /* Sources */,
				401C1A432FD353EA00103CD6 /* Frameworks */,
				401C1A442FD353EA00103CD6 /* Resources */,
			);
			buildRules = (
			);
			dependencies = (
				401C1A482FD353EA00103CD6 /* PBXTargetDependency */,
			);
			fileSystemSynchronizedGroups = (
				401C1A492FD353EA00103CD6 /* ReelWorldTests */,
			);
			name = ReelWorldTests;
			packageProductDependencies = (
			);
			productName = ReelWorldTests;
			productReference = 401C1A462FD353EA00103CD6 /* ReelWorldTests.xctest */;
			productType = "com.apple.product-type.bundle.unit-test";
		};
		401C1A4F2FD353EA00103CD6 /* ReelWorldUITests */ = {
			isa = PBXNativeTarget;
			buildConfigurationList = 401C1A602FD353EA00103CD6 /* Build configuration list for PBXNativeTarget "ReelWorldUITests" */;
			buildPhases = (
				401C1A4C2FD353EA00103CD6 /* Sources */,
				401C1A4D2FD353EA00103CD6 /* Frameworks */,
				401C1A4E2FD353EA00103CD6 /* Resources */,
			);
			buildRules = (
			);
			dependencies = (
				401C1A522FD353EA00103CD6 /* PBXTargetDependency */,
			);
			fileSystemSynchronizedGroups = (
				401C1A532FD353EA00103CD6 /* ReelWorldUITests */,
			);
			name = ReelWorldUITests;
			packageProductDependencies = (
			);
			productName = ReelWorldUITests;
			productReference = 401C1A502FD353EA00103CD6 /* ReelWorldUITests.xctest */;
			productType = "com.apple.product-type.bundle.ui-testing";
		};
/* End PBXNativeTarget section */

/* Begin PBXProject section */
		401C1A252FD353E800103CD6 /* Project object */ = {
			isa = PBXProject;
			attributes = {
				BuildIndependentTargetsInParallel = 1;
				LastSwiftUpdateCheck = 1600;
				LastUpgradeCheck = 1600;
				TargetAttributes = {
					401C1A2C2FD353E800103CD6 = {
						CreatedOnToolsVersion = 16.0;
					};
					401C1A452FD353EA00103CD6 = {
						CreatedOnToolsVersion = 16.0;
						TestTargetID = 401C1A2C2FD353E800103CD6;
					};
					401C1A4F2FD353EA00103CD6 = {
						CreatedOnToolsVersion = 16.0;
						TestTargetID = 401C1A2C2FD353E800103CD6;
					};
				};
			};
			buildConfigurationList = 401C1A282FD353E800103CD6 /* Build configuration list for PBXProject "ReelWorld" */;
			developmentRegion = en;
			hasScannedForEncodings = 0;
			knownRegions = (
				en,
				Base,
			);
			mainGroup = 401C1A242FD353E800103CD6;
			minimizedProjectReferenceProxies = 1;
			preferredProjectObjectVersion = 77;
			productRefGroup = 401C1A2E2FD353E800103CD6 /* Products */;
			projectDirPath = "";
			projectRoot = "";
			targets = (
				401C1A2C2FD353E800103CD6 /* ReelWorld */,
				401C1A452FD353EA00103CD6 /* ReelWorldTests */,
				401C1A4F2FD353EA00103CD6 /* ReelWorldUITests */,
			);
		};
/* End PBXProject section */

/* Begin PBXResourcesBuildPhase section */
		401C1A2B2FD353E800103CD6 /* Resources */ = {
			isa = PBXResourcesBuildPhase;
			buildActionMask = 2147483647;
			files = (
				401C1A982FD35F8C00103CD6 /* LaunchScreen.storyboard in Resources */,
				401C1A9C2FD35F9D00103CD6 /* Assets.xcassets in Resources */,
				401C1A9A2FD35F9200103CD6 /* Main.storyboard in Resources */,
			);
			runOnlyForDeploymentPostprocessing = 0;
		};
		401C1A442FD353EA00103CD6 /* Resources */ = {
			isa = PBXResourcesBuildPhase;
			buildActionMask = 2147483647;
			files = (
				401C1A702FD356DB00103CD6 /* Assets.xcassets in Resources */,
				401C1A712FD356DB00103CD6 /* Main.storyboard in Resources */,
				401C1A722FD356DB00103CD6 /* LaunchScreen.storyboard in Resources */,
			);
			runOnlyForDeploymentPostprocessing = 0;
		};
		401C1A4E2FD353EA00103CD6 /* Resources */ = {
			isa = PBXResourcesBuildPhase;
			buildActionMask = 2147483647;
			files = (
				401C1A992FD35F8C00103CD6 /* LaunchScreen.storyboard in Resources */,
				401C1A9D2FD35F9D00103CD6 /* Assets.xcassets in Resources */,
				401C1A9B2FD35F9200103CD6 /* Main.storyboard in Resources */,
			);
			runOnlyForDeploymentPostprocessing = 0;
		};
/* End PBXResourcesBuildPhase section */

/* Begin PBXSourcesBuildPhase section */
		401C1A292FD353E800103CD6 /* Sources */ = {
			isa = PBXSourcesBuildPhase;
			buildActionMask = 2147483647;
			files = (
				401C1A962FD35F8200103CD6 /* OceanScene.swift in Sources */,
				401C1A922FD35F7500103CD6 /* Fish.swift in Sources */,
				401C1A8C2FD35F6700103CD6 /* BeachScene.swift in Sources */,
				401C1A902FD35F7000103CD6 /* Lure.swift in Sources */,
				401C1A8A2FD35F6000103CD6 /* AppDelegate.swift in Sources */,
				401C1A882FD35F5A00103CD6 /* GameViewController.swift in Sources */,
				401C1A942FD35F7A00103CD6 /* LakeScene.swift in Sources */,
				401C1AA02FD35FCF00103CD6 /* CastSystem.swift in Sources */,
				401C1A9E2FD35FCA00103CD6 /* FishAI.swift in Sources */,
				401C1A8E2FD35F6B00103CD6 /* Player.swift in Sources */,
				401C1A862FD35EAD00103CD6 /* GameScene.swift in Sources */,
				401C1AB12FD3600000103CD6 /* MenuScene.swift in Sources */,
				401C1AC12FD3600100103CD6 /* Equipment.swift in Sources */,
				401C1AC52FD3600100103CD6 /* GameMenuOverlay.swift in Sources */,
			);
			runOnlyForDeploymentPostprocessing = 0;
		};
		401C1A422FD353EA00103CD6 /* Sources */ = {
			isa = PBXSourcesBuildPhase;
			buildActionMask = 2147483647;
			files = (
				401C1A6D2FD356DB00103CD6 /* GameViewController.swift in Sources */,
				401C1A6E2FD356DB00103CD6 /* AppDelegate.swift in Sources */,
				401C1A832FD3575600103CD6 /* FishAI.swift in Sources */,
				401C1A7B2FD3573200103CD6 /* LakeScene.swift in Sources */,
				401C1A6F2FD356DB00103CD6 /* GameScene.swift in Sources */,
				401C1A7F2FD3574200103CD6 /* Lure.swift in Sources */,
				401C1A792FD3572900103CD6 /* OceanScene.swift in Sources */,
				401C1A772FD3571E00103CD6 /* BeachScene.swift in Sources */,
				401C1A812FD3574C00103CD6 /* Player.swift in Sources */,
				401C1A7D2FD3573D00103CD6 /* Fish.swift in Sources */,
				401C1A852FD3575F00103CD6 /* CastSystem.swift in Sources */,
				401C1AB22FD3600000103CD6 /* MenuScene.swift in Sources */,
				401C1AC22FD3600100103CD6 /* Equipment.swift in Sources */,
				401C1AC62FD3600100103CD6 /* GameMenuOverlay.swift in Sources */,
			);
			runOnlyForDeploymentPostprocessing = 0;
		};
		401C1A4C2FD353EA00103CD6 /* Sources */ = {
			isa = PBXSourcesBuildPhase;
			buildActionMask = 2147483647;
			files = (
				401C1A892FD35F5A00103CD6 /* GameViewController.swift in Sources */,
				401C1A872FD35EAD00103CD6 /* GameScene.swift in Sources */,
				401C1A8D2FD35F6700103CD6 /* BeachScene.swift in Sources */,
				401C1A8F2FD35F6B00103CD6 /* Player.swift in Sources */,
				401C1A912FD35F7000103CD6 /* Lure.swift in Sources */,
				401C1A8B2FD35F6000103CD6 /* AppDelegate.swift in Sources */,
				401C1AA12FD35FCF00103CD6 /* CastSystem.swift in Sources */,
				401C1A972FD35F8200103CD6 /* OceanScene.swift in Sources */,
				401C1A932FD35F7500103CD6 /* Fish.swift in Sources */,
				401C1A952FD35F7A00103CD6 /* LakeScene.swift in Sources */,
				401C1A9F2FD35FCA00103CD6 /* FishAI.swift in Sources */,
				401C1AB32FD3600000103CD6 /* MenuScene.swift in Sources */,
				401C1AC32FD3600100103CD6 /* Equipment.swift in Sources */,
				401C1AC72FD3600100103CD6 /* GameMenuOverlay.swift in Sources */,
			);
			runOnlyForDeploymentPostprocessing = 0;
		};
/* End PBXSourcesBuildPhase section */

/* Begin PBXTargetDependency section */
		401C1A482FD353EA00103CD6 /* PBXTargetDependency */ = {
			isa = PBXTargetDependency;
			target = 401C1A2C2FD353E800103CD6 /* ReelWorld */;
			targetProxy = 401C1A472FD353EA00103CD6 /* PBXContainerItemProxy */;
		};
		401C1A522FD353EA00103CD6 /* PBXTargetDependency */ = {
			isa = PBXTargetDependency;
			target = 401C1A2C2FD353E800103CD6 /* ReelWorld */;
			targetProxy = 401C1A512FD353EA00103CD6 /* PBXContainerItemProxy */;
		};
/* End PBXTargetDependency section */

/* Begin PBXVariantGroup section */
		401C1A692FD356DB00103CD6 /* LaunchScreen.storyboard */ = {
			isa = PBXVariantGroup;
			children = (
				401C1A682FD356DB00103CD6 /* Base */,
			);
			name = LaunchScreen.storyboard;
			sourceTree = "<group>";
		};
		401C1A6B2FD356DB00103CD6 /* Main.storyboard */ = {
			isa = PBXVariantGroup;
			children = (
				401C1A6A2FD356DB00103CD6 /* Base */,
			);
			name = Main.storyboard;
			sourceTree = "<group>";
		};
/* End PBXVariantGroup section */

/* Begin XCBuildConfiguration section */
		401C1A582FD353EA00103CD6 /* Debug */ = {
			isa = XCBuildConfiguration;
			buildSettings = {
				ALWAYS_SEARCH_USER_PATHS = NO;
				ASSETCATALOG_COMPILER_GENERATE_SWIFT_ASSET_SYMBOL_EXTENSIONS = YES;
				CLANG_ANALYZER_NONNULL = YES;
				CLANG_ANALYZER_NUMBER_OBJECT_CONVERSION = YES_AGGRESSIVE;
				CLANG_CXX_LANGUAGE_STANDARD = "gnu++20";
				CLANG_ENABLE_MODULES = YES;
				CLANG_ENABLE_OBJC_ARC = YES;
				CLANG_ENABLE_OBJC_WEAK = YES;
				CLANG_WARN_BLOCK_CAPTURE_AUTORELEASING = YES;
				CLANG_WARN_BOOL_CONVERSION = YES;
				CLANG_WARN_COMMA = YES;
				CLANG_WARN_CONSTANT_CONVERSION = YES;
				CLANG_WARN_DEPRECATED_OBJC_IMPLEMENTATIONS = YES;
				CLANG_WARN_DIRECT_OBJC_ISA_USAGE = YES_ERROR;
				CLANG_WARN_DOCUMENTATION_COMMENTS = YES;
				CLANG_WARN_EMPTY_BODY = YES;
				CLANG_WARN_ENUM_CONVERSION = YES;
				CLANG_WARN_INFINITE_RECURSION = YES;
				CLANG_WARN_INT_CONVERSION = YES;
				CLANG_WARN_NON_LITERAL_NULL_CONVERSION = YES;
				CLANG_WARN_OBJC_IMPLICIT_RETAIN_SELF = YES;
				CLANG_WARN_OBJC_LITERAL_CONVERSION = YES;
				CLANG_WARN_OBJC_ROOT_CLASS = YES_ERROR;
				CLANG_WARN_QUOTED_INCLUDE_IN_FRAMEWORK_HEADER = YES;
				CLANG_WARN_RANGE_LOOP_ANALYSIS = YES;
				CLANG_WARN_STRICT_PROTOTYPES = YES;
				CLANG_WARN_SUSPICIOUS_MOVE = YES;
				CLANG_WARN_UNGUARDED_AVAILABILITY = YES_AGGRESSIVE;
				CLANG_WARN_UNREACHABLE_CODE = YES;
				CLANG_WARN__DUPLICATE_METHOD_MATCH = YES;
				COPY_PHASE_STRIP = NO;
				DEBUG_INFORMATION_FORMAT = dwarf;
				ENABLE_STRICT_OBJC_MSGSEND = YES;
				ENABLE_TESTABILITY = YES;
				ENABLE_USER_SCRIPT_SANDBOXING = YES;
				GCC_C_LANGUAGE_STANDARD = gnu17;
				GCC_DYNAMIC_NO_PIC = NO;
				GCC_NO_COMMON_BLOCKS = YES;
				GCC_OPTIMIZATION_LEVEL = 0;
				GCC_PREPROCESSOR_DEFINITIONS = (
					"DEBUG=1",
					"$(inherited)",
				);
				GCC_WARN_64_TO_32_BIT_CONVERSION = YES;
				GCC_WARN_ABOUT_RETURN_TYPE = YES_ERROR;
				GCC_WARN_UNDECLARED_SELECTOR = YES;
				GCC_WARN_UNINITIALIZED_AUTOS = YES_AGGRESSIVE;
				GCC_WARN_UNUSED_FUNCTION = YES;
				GCC_WARN_UNUSED_VARIABLE = YES;
				IPHONEOS_DEPLOYMENT_TARGET = 18.0;
				LOCALIZATION_PREFERS_STRING_CATALOGS = YES;
				MTL_ENABLE_DEBUG_INFO = INCLUDE_SOURCE;
				MTL_FAST_MATH = YES;
				ONLY_ACTIVE_ARCH = YES;
				SDKROOT = iphoneos;
				SWIFT_ACTIVE_COMPILATION_CONDITIONS = "DEBUG $(inherited)";
				SWIFT_OPTIMIZATION_LEVEL = "-Onone";
			};
			name = Debug;
		};
		401C1A592FD353EA00103CD6 /* Release */ = {
			isa = XCBuildConfiguration;
			buildSettings = {
				ALWAYS_SEARCH_USER_PATHS = NO;
				ASSETCATALOG_COMPILER_GENERATE_SWIFT_ASSET_SYMBOL_EXTENSIONS = YES;
				CLANG_ANALYZER_NONNULL = YES;
				CLANG_ANALYZER_NUMBER_OBJECT_CONVERSION = YES_AGGRESSIVE;
				CLANG_CXX_LANGUAGE_STANDARD = "gnu++20";
				CLANG_ENABLE_MODULES = YES;
				CLANG_ENABLE_OBJC_ARC = YES;
				CLANG_ENABLE_OBJC_WEAK = YES;
				CLANG_WARN_BLOCK_CAPTURE_AUTORELEASING = YES;
				CLANG_WARN_BOOL_CONVERSION = YES;
				CLANG_WARN_COMMA = YES;
				CLANG_WARN_CONSTANT_CONVERSION = YES;
				CLANG_WARN_DEPRECATED_OBJC_IMPLEMENTATIONS = YES;
				CLANG_WARN_DIRECT_OBJC_ISA_USAGE = YES_ERROR;
				CLANG_WARN_DOCUMENTATION_COMMENTS = YES;
				CLANG_WARN_EMPTY_BODY = YES;
				CLANG_WARN_ENUM_CONVERSION = YES;
				CLANG_WARN_INFINITE_RECURSION = YES;
				CLANG_WARN_INT_CONVERSION = YES;
				CLANG_WARN_NON_LITERAL_NULL_CONVERSION = YES;
				CLANG_WARN_OBJC_IMPLICIT_RETAIN_SELF = YES;
				CLANG_WARN_OBJC_LITERAL_CONVERSION = YES;
				CLANG_WARN_OBJC_ROOT_CLASS = YES_ERROR;
				CLANG_WARN_QUOTED_INCLUDE_IN_FRAMEWORK_HEADER = YES;
				CLANG_WARN_RANGE_LOOP_ANALYSIS = YES;
				CLANG_WARN_STRICT_PROTOTYPES = YES;
				CLANG_WARN_SUSPICIOUS_MOVE = YES;
				CLANG_WARN_UNGUARDED_AVAILABILITY = YES_AGGRESSIVE;
				CLANG_WARN_UNREACHABLE_CODE = YES;
				CLANG_WARN__DUPLICATE_METHOD_MATCH = YES;
				COPY_PHASE_STRIP = NO;
				DEBUG_INFORMATION_FORMAT = "dwarf-with-dsym";
				ENABLE_NS_ASSERTIONS = NO;
				ENABLE_STRICT_OBJC_MSGSEND = YES;
				ENABLE_USER_SCRIPT_SANDBOXING = YES;
				GCC_C_LANGUAGE_STANDARD = gnu17;
				GCC_NO_COMMON_BLOCKS = YES;
				GCC_WARN_64_TO_32_BIT_CONVERSION = YES;
				GCC_WARN_ABOUT_RETURN_TYPE = YES_ERROR;
				GCC_WARN_UNDECLARED_SELECTOR = YES;
				GCC_WARN_UNINITIALIZED_AUTOS = YES_AGGRESSIVE;
				GCC_WARN_UNUSED_FUNCTION = YES;
				GCC_WARN_UNUSED_VARIABLE = YES;
				IPHONEOS_DEPLOYMENT_TARGET = 18.0;
				LOCALIZATION_PREFERS_STRING_CATALOGS = YES;
				MTL_ENABLE_DEBUG_INFO = NO;
				MTL_FAST_MATH = YES;
				SDKROOT = iphoneos;
				SWIFT_COMPILATION_MODE = wholemodule;
				VALIDATE_PRODUCT = YES;
			};
			name = Release;
		};
		401C1A5B2FD353EA00103CD6 /* Debug */ = {
			isa = XCBuildConfiguration;
			buildSettings = {
				ASSETCATALOG_COMPILER_APPICON_NAME = AppIcon;
				ASSETCATALOG_COMPILER_GLOBAL_ACCENT_COLOR_NAME = AccentColor;
				CODE_SIGN_STYLE = Automatic;
				CURRENT_PROJECT_VERSION = 1;
				DEVELOPMENT_TEAM = X2Z549A375;
				GENERATE_INFOPLIST_FILE = YES;
				INFOPLIST_KEY_LSApplicationCategoryType = "public.app-category.games";
				INFOPLIST_KEY_UIApplicationSupportsIndirectInputEvents = YES;
				INFOPLIST_KEY_UILaunchStoryboardName = LaunchScreen;
				INFOPLIST_KEY_UIMainStoryboardFile = Main;
				INFOPLIST_KEY_UIStatusBarHidden = YES;
				INFOPLIST_KEY_UISupportedInterfaceOrientations_iPad = "UIInterfaceOrientationPortrait UIInterfaceOrientationPortraitUpsideDown UIInterfaceOrientationLandscapeLeft UIInterfaceOrientationLandscapeRight";
				INFOPLIST_KEY_UISupportedInterfaceOrientations_iPhone = "UIInterfaceOrientationPortrait UIInterfaceOrientationLandscapeLeft UIInterfaceOrientationLandscapeRight";
				LD_RUNPATH_SEARCH_PATHS = (
					"$(inherited)",
					"@executable_path/Frameworks",
				);
				MARKETING_VERSION = 1.0;
				PRODUCT_BUNDLE_IDENTIFIER = com.jcybul.ReelWorld;
				PRODUCT_NAME = "$(TARGET_NAME)";
				SWIFT_EMIT_LOC_STRINGS = YES;
				SWIFT_VERSION = 5.0;
				TARGETED_DEVICE_FAMILY = "1,2";
			};
			name = Debug;
		};
		401C1A5C2FD353EA00103CD6 /* Release */ = {
			isa = XCBuildConfiguration;
			buildSettings = {
				ASSETCATALOG_COMPILER_APPICON_NAME = AppIcon;
				ASSETCATALOG_COMPILER_GLOBAL_ACCENT_COLOR_NAME = AccentColor;
				CODE_SIGN_STYLE = Automatic;
				CURRENT_PROJECT_VERSION = 1;
				DEVELOPMENT_TEAM = X2Z549A375;
				GENERATE_INFOPLIST_FILE = YES;
				INFOPLIST_KEY_LSApplicationCategoryType = "public.app-category.games";
				INFOPLIST_KEY_UIApplicationSupportsIndirectInputEvents = YES;
				INFOPLIST_KEY_UILaunchStoryboardName = LaunchScreen;
				INFOPLIST_KEY_UIMainStoryboardFile = Main;
				INFOPLIST_KEY_UIStatusBarHidden = YES;
				INFOPLIST_KEY_UISupportedInterfaceOrientations_iPad = "UIInterfaceOrientationPortrait UIInterfaceOrientationPortraitUpsideDown UIInterfaceOrientationLandscapeLeft UIInterfaceOrientationLandscapeRight";
				INFOPLIST_KEY_UISupportedInterfaceOrientations_iPhone = "UIInterfaceOrientationPortrait UIInterfaceOrientationLandscapeLeft UIInterfaceOrientationLandscapeRight";
				LD_RUNPATH_SEARCH_PATHS = (
					"$(inherited)",
					"@executable_path/Frameworks",
				);
				MARKETING_VERSION = 1.0;
				PRODUCT_BUNDLE_IDENTIFIER = com.jcybul.ReelWorld;
				PRODUCT_NAME = "$(TARGET_NAME)";
				SWIFT_EMIT_LOC_STRINGS = YES;
				SWIFT_VERSION = 5.0;
				TARGETED_DEVICE_FAMILY = "1,2";
			};
			name = Release;
		};
		401C1A5E2FD353EA00103CD6 /* Debug */ = {
			isa = XCBuildConfiguration;
			buildSettings = {
				BUNDLE_LOADER = "$(TEST_HOST)";
				CODE_SIGN_STYLE = Automatic;
				CURRENT_PROJECT_VERSION = 1;
				GENERATE_INFOPLIST_FILE = YES;
				IPHONEOS_DEPLOYMENT_TARGET = 18.0;
				MARKETING_VERSION = 1.0;
				PRODUCT_BUNDLE_IDENTIFIER = jocyzegames.ReelWorldTests;
				PRODUCT_NAME = "$(TARGET_NAME)";
				SWIFT_EMIT_LOC_STRINGS = NO;
				SWIFT_VERSION = 5.0;
				TARGETED_DEVICE_FAMILY = "1,2";
				TEST_HOST = "$(BUILT_PRODUCTS_DIR)/ReelWorld.app/$(BUNDLE_EXECUTABLE_FOLDER_PATH)/ReelWorld";
			};
			name = Debug;
		};
		401C1A5F2FD353EA00103CD6 /* Release */ = {
			isa = XCBuildConfiguration;
			buildSettings = {
				BUNDLE_LOADER = "$(TEST_HOST)";
				CODE_SIGN_STYLE = Automatic;
				CURRENT_PROJECT_VERSION = 1;
				GENERATE_INFOPLIST_FILE = YES;
				IPHONEOS_DEPLOYMENT_TARGET = 18.0;
				MARKETING_VERSION = 1.0;
				PRODUCT_BUNDLE_IDENTIFIER = jocyzegames.ReelWorldTests;
				PRODUCT_NAME = "$(TARGET_NAME)";
				SWIFT_EMIT_LOC_STRINGS = NO;
				SWIFT_VERSION = 5.0;
				TARGETED_DEVICE_FAMILY = "1,2";
				TEST_HOST = "$(BUILT_PRODUCTS_DIR)/ReelWorld.app/$(BUNDLE_EXECUTABLE_FOLDER_PATH)/ReelWorld";
			};
			name = Release;
		};
		401C1A612FD353EA00103CD6 /* Debug */ = {
			isa = XCBuildConfiguration;
			buildSettings = {
				CODE_SIGN_STYLE = Automatic;
				CURRENT_PROJECT_VERSION = 1;
				DEVELOPMENT_TEAM = X2Z549A375;
				GENERATE_INFOPLIST_FILE = YES;
				MARKETING_VERSION = 1.0;
				PRODUCT_BUNDLE_IDENTIFIER = jocyzegames.ReelWorldUITests;
				PRODUCT_NAME = "$(TARGET_NAME)";
				SWIFT_EMIT_LOC_STRINGS = NO;
				SWIFT_VERSION = 5.0;
				TARGETED_DEVICE_FAMILY = "1,2";
				TEST_TARGET_NAME = ReelWorld;
			};
			name = Debug;
		};
		401C1A622FD353EA00103CD6 /* Release */ = {
			isa = XCBuildConfiguration;
			buildSettings = {
				CODE_SIGN_STYLE = Automatic;
				CURRENT_PROJECT_VERSION = 1;
				DEVELOPMENT_TEAM = X2Z549A375;
				GENERATE_INFOPLIST_FILE = YES;
				MARKETING_VERSION = 1.0;
				PRODUCT_BUNDLE_IDENTIFIER = jocyzegames.ReelWorldUITests;
				PRODUCT_NAME = "$(TARGET_NAME)";
				SWIFT_EMIT_LOC_STRINGS = NO;
				SWIFT_VERSION = 5.0;
				TARGETED_DEVICE_FAMILY = "1,2";
				TEST_TARGET_NAME = ReelWorld;
			};
			name = Release;
		};
/* End XCBuildConfiguration section */

/* Begin XCConfigurationList section */
		401C1A282FD353E800103CD6 /* Build configuration list for PBXProject "ReelWorld" */ = {
			isa = XCConfigurationList;
			buildConfigurations = (
				401C1A582FD353EA00103CD6 /* Debug */,
				401C1A592FD353EA00103CD6 /* Release */,
			);
			defaultConfigurationIsVisible = 0;
			defaultConfigurationName = Release;
		};
		401C1A5A2FD353EA00103CD6 /* Build configuration list for PBXNativeTarget "ReelWorld" */ = {
			isa = XCConfigurationList;
			buildConfigurations = (
				401C1A5B2FD353EA00103CD6 /* Debug */,
				401C1A5C2FD353EA00103CD6 /* Release */,
			);
			defaultConfigurationIsVisible = 0;
			defaultConfigurationName = Release;
		};
		401C1A5D2FD353EA00103CD6 /* Build configuration list for PBXNativeTarget "ReelWorldTests" */ = {
			isa = XCConfigurationList;
			buildConfigurations = (
				401C1A5E2FD353EA00103CD6 /* Debug */,
				401C1A5F2FD353EA00103CD6 /* Release */,
			);
			defaultConfigurationIsVisible = 0;
			defaultConfigurationName = Release;
		};
		401C1A602FD353EA00103CD6 /* Build configuration list for PBXNativeTarget "ReelWorldUITests" */ = {
			isa = XCConfigurationList;
			buildConfigurations = (
				401C1A612FD353EA00103CD6 /* Debug */,
				401C1A622FD353EA00103CD6 /* Release */,
			);
			defaultConfigurationIsVisible = 0;
			defaultConfigurationName = Release;
		};
/* End XCConfigurationList section */
	};
	rootObject = 401C1A252FD353E800103CD6 /* Project object */;
}
